
Microsoft Visual Studio Solution File, Format Version 12.00
# Visual Studio 14
VisualStudioVersion = 14.0.25420.1
MinimumVisualStudioVersion = 10.0.40219.1
Project("{FAE04EC0-301F-11D3-BF4B-00C04F79EFBC}") = "SumOf3Numbers", "SumOf3Numbers\SumOf3Numbers.csproj", "{A1A819E5-E794-4093-97BA-E5A06143D3DE}"
EndProject
Project("{FAE04EC0-301F-11D3-BF4B-00C04F79EFBC}") = "CompanyInfo", "CompanyInfo\CompanyInfo.csproj", "{14B6C2DB-864D-4B8B-8B7B-5A224FE3C206}"
EndProject
Project("{FAE04EC0-301F-11D3-BF4B-00C04F79EFBC}") = "Circle", "Circle\Circle.csproj", "{E5ACAA76-4D37-4A86-B283-63C49C669C55}"
EndProject
Project("{FAE04EC0-301F-11D3-BF4B-00C04F79EFBC}") = "FormattingNumbers", "FormattingNumbers\FormattingNumbers.csproj", "{D0F00D5D-7205-419F-AB6F-BEC016BBD7E0}"
EndProject
Project("{FAE04EC0-301F-11D3-BF4B-00C04F79EFBC}") = "NumberComparer", "NumberComparer\NumberComparer.csproj", "{DFFBC5CA-FB10-4EF0-AE80-D8480A6A5977}"
EndProject
Project("{FAE04EC0-301F-11D3-BF4B-00C04F79EFBC}") = "FiveNumbersSum", "FiveNumbersSum\FiveNumbersSum.csproj", "{44FACF89-D8D2-4368-A81C-F616A8A40049}"
EndProject
Project("{FAE04EC0-301F-11D3-BF4B-00C04F79EFBC}") = "QuadraticEquation", "QuadraticEquation\QuadraticEquation.csproj", "{E215AD8F-4CEE-46BA-85A2-BB5C2E3D1427}"
EndProject
Project("{FAE04EC0-301F-11D3-BF4B-00C04F79EFBC}") = "Numbers1toN", "Numbers1toN\Numbers1toN.csproj", "{EA772DA5-0269-4193-A9E1-B64E0938AE65}"
EndProject
Project("{FAE04EC0-301F-11D3-BF4B-00C04F79EFBC}") = "SumOfNnumbers", "ConsoleApplication1\SumOfNnumbers.csproj", "{505DC468-B831-4D7F-8981-4D421F28F3ED}"
EndProject
Project("{FAE04EC0-301F-11D3-BF4B-00C04F79EFBC}") = "FibonacciNumbers", "FibonacciNumbers\FibonacciNumbers.csproj", "{0BAA0982-F13C-4679-9E35-89F913C74E9E}"
EndProject
Project("{FAE04EC0-301F-11D3-BF4B-00C04F79EFBC}") = "Interval", "Interval\Interval.csproj", "{DF24E78B-52B7-4437-9C30-CC0E1C7A70A8}"
EndProject
Global
	GlobalSection(SolutionConfigurationPlatforms) = preSolution
		Debug|Any CPU = Debug|Any CPU
		Release|Any CPU = Release|Any CPU
	EndGlobalSection
	GlobalSection(ProjectConfigurationPlatforms) = postSolution
		{A1A819E5-E794-4093-97BA-E5A06143D3DE}.Debug|Any CPU.ActiveCfg = Debug|Any CPU
		{A1A819E5-E794-4093-97BA-E5A06143D3DE}.Debug|Any CPU.Build.0 = Debug|Any CPU
		{A1A819E5-E794-4093-97BA-E5A06143D3DE}.Release|Any CPU.ActiveCfg = Release|Any CPU
		{A1A819E5-E794-4093-97BA-E5A06143D3DE}.Release|Any CPU.Build.0 = Release|Any CPU
		{14B6C2DB-864D-4B8B-8B7B-5A224FE3C206}.Debug|Any CPU.ActiveCfg = Debug|Any CPU
		{14B6C2DB-864D-4B8B-8B7B-5A224FE3C206}.Debug|Any CPU.Build.0 = Debug|Any CPU
		{14B6C2DB-864D-4B8B-8B7B-5A224FE3C206}.Release|Any CPU.ActiveCfg = Release|Any CPU
		{14B6C2DB-864D-4B8B-8B7B-5A224FE3C206}.Release|Any CPU.Build.0 = Release|Any CPU
		{E5ACAA76-4D37-4A86-B283-63C49C669C55}.Debug|Any CPU.ActiveCfg = Debug|Any CPU
		{E5ACAA76-4D37-4A86-B283-63C49C669C55}.Debug|Any CPU.Build.0 = Debug|Any CPU
		{E5ACAA76-4D37-4A86-B283-63C49C669C55}.Release|Any CPU.ActiveCfg = Release|Any CPU
		{E5ACAA76-4D37-4A86-B283-63C49C669C55}.Release|Any CPU.Build.0 = Release|Any CPU
		{D0F00D5D-7205-419F-AB6F-BEC016BBD7E0}.Debug|Any CPU.ActiveCfg = Debug|Any CPU
		{D0F00D5D-7205-419F-AB6F-BEC016BBD7E0}.Debug|Any CPU.Build.0 = Debug|Any CPU
		{D0F00D5D-7205-419F-AB6F-BEC016BBD7E0}.Release|Any CPU.ActiveCfg = Release|Any CPU
		{D0F00D5D-7205-419F-AB6F-BEC016BBD7E0}.Release|Any CPU.Build.0 = Release|Any CPU
		{DFFBC5CA-FB10-4EF0-AE80-D8480A6A5977}.Debug|Any CPU.ActiveCfg = Debug|Any CPU
		{DFFBC5CA-FB10-4EF0-AE80-D8480A6A5977}.Debug|Any CPU.Build.0 = Debug|Any CPU
		{DFFBC5CA-FB10-4EF0-AE80-D8480A6A5977}.Release|Any CPU.ActiveCfg = Release|Any CPU
		{DFFBC5CA-FB10-4EF0-AE80-D8480A6A5977}.Release|Any CPU.Build.0 = Release|Any CPU
		{44FACF89-D8D2-4368-A81C-F616A8A40049}.Debug|Any CPU.ActiveCfg = Debug|Any CPU
		{44FACF89-D8D2-4368-A81C-F616A8A40049}.Debug|Any CPU.Build.0 = Debug|Any CPU
		{44FACF89-D8D2-4368-A81C-F616A8A40049}.Release|Any CPU.ActiveCfg = Release|Any CPU
		{44FACF89-D8D2-4368-A81C-F616A8A40049}.Release|Any CPU.Build.0 = Release|Any CPU
		{E215AD8F-4CEE-46BA-85A2-BB5C2E3D1427}.Debug|Any CPU.ActiveCfg = Debug|Any CPU
		{E215AD8F-4CEE-46BA-85A2-BB5C2E3D1427}.Debug|Any CPU.Build.0 = Debug|Any CPU
		{E215AD8F-4CEE-46BA-85A2-BB5C2E3D1427}.Release|Any CPU.ActiveCfg = Release|Any CPU
		{E215AD8F-4CEE-46BA-85A2-BB5C2E3D1427}.Release|Any CPU.Build.0 = Release|Any CPU
		{EA772DA5-0269-4193-A9E1-B64E0938AE65}.Debug|Any CPU.ActiveCfg = Debug|Any CPU
		{EA772DA5-0269-4193-A9E1-B64E0938AE65}.Debug|Any CPU.Build.0 = Debug|Any CPU
		{EA772DA5-0269-4193-A9E1-B64E0938AE65}.Release|Any CPU.ActiveCfg = Release|Any CPU
		{EA772DA5-0269-4193-A9E1-B64E0938AE65}.Release|Any CPU.Build.0 = Release|Any CPU
		{505DC468-B831-4D7F-8981-4D421F28F3ED}.Debug|Any CPU.ActiveCfg = Debug|Any CPU
		{505DC468-B831-4D7F-8981-4D421F28F3ED}.Debug|Any CPU.Build.0 = Debug|Any CPU
		{505DC468-B831-4D7F-8981-4D421F28F3ED}.Release|Any CPU.ActiveCfg = Release|Any CPU
		{505DC468-B831-4D7F-8981-4D421F28F3ED}.Release|Any CPU.Build.0 = Release|Any CPU
		{0BAA0982-F13C-4679-9E35-89F913C74E9E}.Debug|Any CPU.ActiveCfg = Debug|Any CPU
		{0BAA0982-F13C-4679-9E35-89F913C74E9E}.Debug|Any CPU.Build.0 = Debug|Any CPU
		{0BAA0982-F13C-4679-9E35-89F913C74E9E}.Release|Any CPU.ActiveCfg = Release|Any CPU
		{0BAA0982-F13C-4679-9E35-89F913C74E9E}.Release|Any CPU.Build.0 = Release|Any CPU
		{DF24E78B-52B7-4437-9C30-CC0E1C7A70A8}.Debug|Any CPU.ActiveCfg = Debug|Any CPU
		{DF24E78B-52B7-4437-9C30-CC0E1C7A70A8}.Debug|Any CPU.Build.0 = Debug|Any CPU
		{DF24E78B-52B7-4437-9C30-CC0E1C7A70A8}.Release|Any CPU.ActiveCfg = Release|Any CPU
		{DF24E78B-52B7-4437-9C30-CC0E1C7A70A8}.Release|Any CPU.Build.0 = Release|Any CPU
	EndGlobalSection
	GlobalSection(SolutionProperties) = preSolution
		HideSolutionNode = FALSE
	EndGlobalSection
EndGlobal
