
Microsoft Visual Studio Solution File, Format Version 12.00
# Visual Studio 14
VisualStudioVersion = 14.0.25420.1
MinimumVisualStudioVersion = 10.0.40219.1
Project("{FAE04EC0-301F-11D3-BF4B-00C04F79EFBC}") = "LogAn", "LogAnalyzer\LogAn.csproj", "{B0F27884-F0B6-46ED-8AEA-494D5D92FC84}"
EndProject
Project("{FAE04EC0-301F-11D3-BF4B-00C04F79EFBC}") = "Tests", "Tests\Tests.csproj", "{F507E76C-46A3-41FC-8446-B2A7067D8701}"
EndProject
Global
	GlobalSection(SolutionConfigurationPlatforms) = preSolution
		Debug|Any CPU = Debug|Any CPU
		Release|Any CPU = Release|Any CPU
	EndGlobalSection
	GlobalSection(ProjectConfigurationPlatforms) = postSolution
		{B0F27884-F0B6-46ED-8AEA-494D5D92FC84}.Debug|Any CPU.ActiveCfg = Debug|Any CPU
		{B0F27884-F0B6-46ED-8AEA-494D5D92FC84}.Debug|Any CPU.Build.0 = Debug|Any CPU
		{B0F27884-F0B6-46ED-8AEA-494D5D92FC84}.Release|Any CPU.ActiveCfg = Release|Any CPU
		{B0F27884-F0B6-46ED-8AEA-494D5D92FC84}.Release|Any CPU.Build.0 = Release|Any CPU
		{F507E76C-46A3-41FC-8446-B2A7067D8701}.Debug|Any CPU.ActiveCfg = Debug|Any CPU
		{F507E76C-46A3-41FC-8446-B2A7067D8701}.Debug|Any CPU.Build.0 = Debug|Any CPU
		{F507E76C-46A3-41FC-8446-B2A7067D8701}.Release|Any CPU.ActiveCfg = Release|Any CPU
		{F507E76C-46A3-41FC-8446-B2A7067D8701}.Release|Any CPU.Build.0 = Release|Any CPU
	EndGlobalSection
	GlobalSection(SolutionProperties) = preSolution
		HideSolutionNode = FALSE
	EndGlobalSection
EndGlobal
