
Microsoft Visual Studio Solution File, Format Version 12.00
# Visual Studio 14
VisualStudioVersion = 14.0.25420.1
MinimumVisualStudioVersion = 10.0.40219.1
Project("{FAE04EC0-301F-11D3-BF4B-00C04F79EFBC}") = "Abstraction", "Abstraction\Abstraction.csproj", "{0565AE84-734A-41BD-8961-7D4F27A49394}"
EndProject
Project("{FAE04EC0-301F-11D3-BF4B-00C04F79EFBC}") = "CohesionNCoupling", "CohesionNCoupling\CohesionNCoupling.csproj", "{9F9966E3-DBEB-4D2E-A482-2A2492962C83}"
EndProject
Project("{FAE04EC0-301F-11D3-BF4B-00C04F79EFBC}") = "InheritanceAndPolymorphism", "InheritanceAndPolymorphism\InheritanceAndPolymorphism.csproj", "{F8639EAB-C81A-4002-9CE7-199EBCCCDB1F}"
EndProject
Global
	GlobalSection(SolutionConfigurationPlatforms) = preSolution
		Debug|Any CPU = Debug|Any CPU
		Release|Any CPU = Release|Any CPU
	EndGlobalSection
	GlobalSection(ProjectConfigurationPlatforms) = postSolution
		{0565AE84-734A-41BD-8961-7D4F27A49394}.Debug|Any CPU.ActiveCfg = Debug|Any CPU
		{0565AE84-734A-41BD-8961-7D4F27A49394}.Debug|Any CPU.Build.0 = Debug|Any CPU
		{0565AE84-734A-41BD-8961-7D4F27A49394}.Release|Any CPU.ActiveCfg = Release|Any CPU
		{0565AE84-734A-41BD-8961-7D4F27A49394}.Release|Any CPU.Build.0 = Release|Any CPU
		{9F9966E3-DBEB-4D2E-A482-2A2492962C83}.Debug|Any CPU.ActiveCfg = Debug|Any CPU
		{9F9966E3-DBEB-4D2E-A482-2A2492962C83}.Debug|Any CPU.Build.0 = Debug|Any CPU
		{9F9966E3-DBEB-4D2E-A482-2A2492962C83}.Release|Any CPU.ActiveCfg = Release|Any CPU
		{9F9966E3-DBEB-4D2E-A482-2A2492962C83}.Release|Any CPU.Build.0 = Release|Any CPU
		{F8639EAB-C81A-4002-9CE7-199EBCCCDB1F}.Debug|Any CPU.ActiveCfg = Debug|Any CPU
		{F8639EAB-C81A-4002-9CE7-199EBCCCDB1F}.Debug|Any CPU.Build.0 = Debug|Any CPU
		{F8639EAB-C81A-4002-9CE7-199EBCCCDB1F}.Release|Any CPU.ActiveCfg = Release|Any CPU
		{F8639EAB-C81A-4002-9CE7-199EBCCCDB1F}.Release|Any CPU.Build.0 = Release|Any CPU
	EndGlobalSection
	GlobalSection(SolutionProperties) = preSolution
		HideSolutionNode = FALSE
	EndGlobalSection
EndGlobal
