
Microsoft Visual Studio Solution File, Format Version 12.00
# Visual Studio 14
VisualStudioVersion = 14.0.25420.1
MinimumVisualStudioVersion = 10.0.40219.1
Project("{FAE04EC0-301F-11D3-BF4B-00C04F79EFBC}") = "Shapes", "Shapes\Shapes.csproj", "{A7F64779-277E-4E5E-AFD9-2C7BA8D82346}"
EndProject
Project("{FAE04EC0-301F-11D3-BF4B-00C04F79EFBC}") = "BankAccounts", "BankAccounts\BankAccounts.csproj", "{D71754D4-94CF-45BC-AD80-7D530F9CB967}"
EndProject
Project("{FAE04EC0-301F-11D3-BF4B-00C04F79EFBC}") = "RangeException.cs", "RangeException.cs\RangeException.cs.csproj", "{CB197A18-02C5-4C80-8731-B3F26682E2BE}"
EndProject
Global
	GlobalSection(SolutionConfigurationPlatforms) = preSolution
		Debug|Any CPU = Debug|Any CPU
		Release|Any CPU = Release|Any CPU
	EndGlobalSection
	GlobalSection(ProjectConfigurationPlatforms) = postSolution
		{A7F64779-277E-4E5E-AFD9-2C7BA8D82346}.Debug|Any CPU.ActiveCfg = Debug|Any CPU
		{A7F64779-277E-4E5E-AFD9-2C7BA8D82346}.Debug|Any CPU.Build.0 = Debug|Any CPU
		{A7F64779-277E-4E5E-AFD9-2C7BA8D82346}.Release|Any CPU.ActiveCfg = Release|Any CPU
		{A7F64779-277E-4E5E-AFD9-2C7BA8D82346}.Release|Any CPU.Build.0 = Release|Any CPU
		{D71754D4-94CF-45BC-AD80-7D530F9CB967}.Debug|Any CPU.ActiveCfg = Debug|Any CPU
		{D71754D4-94CF-45BC-AD80-7D530F9CB967}.Debug|Any CPU.Build.0 = Debug|Any CPU
		{D71754D4-94CF-45BC-AD80-7D530F9CB967}.Release|Any CPU.ActiveCfg = Release|Any CPU
		{D71754D4-94CF-45BC-AD80-7D530F9CB967}.Release|Any CPU.Build.0 = Release|Any CPU
		{CB197A18-02C5-4C80-8731-B3F26682E2BE}.Debug|Any CPU.ActiveCfg = Debug|Any CPU
		{CB197A18-02C5-4C80-8731-B3F26682E2BE}.Debug|Any CPU.Build.0 = Debug|Any CPU
		{CB197A18-02C5-4C80-8731-B3F26682E2BE}.Release|Any CPU.ActiveCfg = Release|Any CPU
		{CB197A18-02C5-4C80-8731-B3F26682E2BE}.Release|Any CPU.Build.0 = Release|Any CPU
	EndGlobalSection
	GlobalSection(SolutionProperties) = preSolution
		HideSolutionNode = FALSE
	EndGlobalSection
EndGlobal
