
Microsoft Visual Studio Solution File, Format Version 12.00
# Visual Studio 14
VisualStudioVersion = 14.0.25420.1
MinimumVisualStudioVersion = 10.0.40219.1
Project("{FAE04EC0-301F-11D3-BF4B-00C04F79EFBC}") = "TaskManager.Models", "TaskManager.Models\TaskManager.Models.csproj", "{429DAAB3-8455-4587-B43F-466782ACCBC8}"
EndProject
Project("{FAE04EC0-301F-11D3-BF4B-00C04F79EFBC}") = "TaskManager.Client", "TaskManager.Client\TaskManager.Client.csproj", "{9FE0778A-F70B-4DC1-AD42-D0E797D4E06E}"
EndProject
Project("{FAE04EC0-301F-11D3-BF4B-00C04F79EFBC}") = "TaskManager.Test", "taskManager.Test\TaskManager.Test.csproj", "{9684BDF8-18CF-4608-8E52-66DDF570A838}"
EndProject
Global
	GlobalSection(SolutionConfigurationPlatforms) = preSolution
		Debug|Any CPU = Debug|Any CPU
		Release|Any CPU = Release|Any CPU
	EndGlobalSection
	GlobalSection(ProjectConfigurationPlatforms) = postSolution
		{429DAAB3-8455-4587-B43F-466782ACCBC8}.Debug|Any CPU.ActiveCfg = Debug|Any CPU
		{429DAAB3-8455-4587-B43F-466782ACCBC8}.Debug|Any CPU.Build.0 = Debug|Any CPU
		{429DAAB3-8455-4587-B43F-466782ACCBC8}.Release|Any CPU.ActiveCfg = Release|Any CPU
		{429DAAB3-8455-4587-B43F-466782ACCBC8}.Release|Any CPU.Build.0 = Release|Any CPU
		{9FE0778A-F70B-4DC1-AD42-D0E797D4E06E}.Debug|Any CPU.ActiveCfg = Debug|Any CPU
		{9FE0778A-F70B-4DC1-AD42-D0E797D4E06E}.Debug|Any CPU.Build.0 = Debug|Any CPU
		{9FE0778A-F70B-4DC1-AD42-D0E797D4E06E}.Release|Any CPU.ActiveCfg = Release|Any CPU
		{9FE0778A-F70B-4DC1-AD42-D0E797D4E06E}.Release|Any CPU.Build.0 = Release|Any CPU
		{9684BDF8-18CF-4608-8E52-66DDF570A838}.Debug|Any CPU.ActiveCfg = Debug|Any CPU
		{9684BDF8-18CF-4608-8E52-66DDF570A838}.Debug|Any CPU.Build.0 = Debug|Any CPU
		{9684BDF8-18CF-4608-8E52-66DDF570A838}.Release|Any CPU.ActiveCfg = Release|Any CPU
		{9684BDF8-18CF-4608-8E52-66DDF570A838}.Release|Any CPU.Build.0 = Release|Any CPU
	EndGlobalSection
	GlobalSection(SolutionProperties) = preSolution
		HideSolutionNode = FALSE
	EndGlobalSection
EndGlobal
